
Microsoft Visual Studio Solution File, Format Version 12.00
# Visual Studio Version 17
VisualStudioVersion = 17.0.31903.59
MinimumVisualStudioVersion = 10.0.40219.1
Project("{9A19103F-16F7-4668-BE54-9A1E7A4F7556}") = "SwaggerHierarchySupport", "SwaggerHierarchySupport\SwaggerHierarchySupport.csproj", "{8A3463A0-2FB8-4B32-A956-9714114C83E2}"
EndProject
Project("{FAE04EC0-301F-11D3-BF4B-00C04F79EFBC}") = "SwaggerHierarchySupportExample", "..\example\SwaggerHierarchySupportExample\SwaggerHierarchySupportExample.csproj", "{F081D385-8023-4A25-B0C5-BA590ABFB94A}"
EndProject
Project("{2150E333-8FDC-42A3-9474-1A3956D46DE8}") = "Solution Items", "Solution Items", "{DDE21783-D76F-4F68-8CC9-F74E748CED42}"
	ProjectSection(SolutionItems) = preProject
		..\license = ..\license
		..\output.jpg = ..\output.jpg
		..\readme.md = ..\readme.md
	EndProjectSection
EndProject
Global
	GlobalSection(SolutionConfigurationPlatforms) = preSolution
		Debug|Any CPU = Debug|Any CPU
		Release|Any CPU = Release|Any CPU
	EndGlobalSection
	GlobalSection(ProjectConfigurationPlatforms) = postSolution
		{8A3463A0-2FB8-4B32-A956-9714114C83E2}.Debug|Any CPU.ActiveCfg = Debug|Any CPU
		{8A3463A0-2FB8-4B32-A956-9714114C83E2}.Debug|Any CPU.Build.0 = Debug|Any CPU
		{8A3463A0-2FB8-4B32-A956-9714114C83E2}.Release|Any CPU.ActiveCfg = Release|Any CPU
		{8A3463A0-2FB8-4B32-A956-9714114C83E2}.Release|Any CPU.Build.0 = Release|Any CPU
		{F081D385-8023-4A25-B0C5-BA590ABFB94A}.Debug|Any CPU.ActiveCfg = Debug|Any CPU
		{F081D385-8023-4A25-B0C5-BA590ABFB94A}.Debug|Any CPU.Build.0 = Debug|Any CPU
		{F081D385-8023-4A25-B0C5-BA590ABFB94A}.Release|Any CPU.ActiveCfg = Release|Any CPU
		{F081D385-8023-4A25-B0C5-BA590ABFB94A}.Release|Any CPU.Build.0 = Release|Any CPU
	EndGlobalSection
	GlobalSection(SolutionProperties) = preSolution
		HideSolutionNode = FALSE
	EndGlobalSection
	GlobalSection(ExtensibilityGlobals) = postSolution
		SolutionGuid = {18F5F819-5060-4878-88B2-026022538AFD}
	EndGlobalSection
EndGlobal
